
Microsoft Visual Studio Solution File, Format Version 12.00
# Visual Studio Version 17
VisualStudioVersion = 17.11.35327.3
MinimumVisualStudioVersion = 10.0.40219.1
Project("{FAE04EC0-301F-11D3-BF4B-00C04F79EFBC}") = "WinUI3App", "WinUI3App\WinUI3App.csproj", "{5EBA8329-AD50-4C91-A045-0E8EF2E0206D}"
EndProject
Project("{FAE04EC0-301F-11D3-BF4B-00C04F79EFBC}") = "UWPApp", "UWPApp\UWPApp.csproj", "{B7C19AB6-6D81-4B12-9824-565E60C10BF6}"
EndProject
Project("{C7167F0D-BC9F-4E6E-AFE1-012C56B48DB5}") = "MSIXIncludeWinUI2AndWinUI3Package", "MSIXIncludeWinUI2AndWinUI3Package\MSIXIncludeWinUI2AndWinUI3Package.wapproj", "{EEDB8551-9696-4B74-B339-CFDA63658380}"
EndProject
Global
	GlobalSection(SolutionConfigurationPlatforms) = preSolution
		Debug|ARM64 = Debug|ARM64
		Debug|x64 = Debug|x64
		Debug|x86 = Debug|x86
		Release|ARM64 = Release|ARM64
		Release|x64 = Release|x64
		Release|x86 = Release|x86
	EndGlobalSection
	GlobalSection(ProjectConfigurationPlatforms) = postSolution
		{5EBA8329-AD50-4C91-A045-0E8EF2E0206D}.Debug|ARM64.ActiveCfg = Debug|ARM64
		{5EBA8329-AD50-4C91-A045-0E8EF2E0206D}.Debug|ARM64.Build.0 = Debug|ARM64
		{5EBA8329-AD50-4C91-A045-0E8EF2E0206D}.Debug|ARM64.Deploy.0 = Debug|ARM64
		{5EBA8329-AD50-4C91-A045-0E8EF2E0206D}.Debug|x64.ActiveCfg = Debug|x64
		{5EBA8329-AD50-4C91-A045-0E8EF2E0206D}.Debug|x64.Build.0 = Debug|x64
		{5EBA8329-AD50-4C91-A045-0E8EF2E0206D}.Debug|x64.Deploy.0 = Debug|x64
		{5EBA8329-AD50-4C91-A045-0E8EF2E0206D}.Debug|x86.ActiveCfg = Debug|x86
		{5EBA8329-AD50-4C91-A045-0E8EF2E0206D}.Debug|x86.Build.0 = Debug|x86
		{5EBA8329-AD50-4C91-A045-0E8EF2E0206D}.Debug|x86.Deploy.0 = Debug|x86
		{5EBA8329-AD50-4C91-A045-0E8EF2E0206D}.Release|ARM64.ActiveCfg = Release|ARM64
		{5EBA8329-AD50-4C91-A045-0E8EF2E0206D}.Release|ARM64.Build.0 = Release|ARM64
		{5EBA8329-AD50-4C91-A045-0E8EF2E0206D}.Release|ARM64.Deploy.0 = Release|ARM64
		{5EBA8329-AD50-4C91-A045-0E8EF2E0206D}.Release|x64.ActiveCfg = Release|x64
		{5EBA8329-AD50-4C91-A045-0E8EF2E0206D}.Release|x64.Build.0 = Release|x64
		{5EBA8329-AD50-4C91-A045-0E8EF2E0206D}.Release|x64.Deploy.0 = Release|x64
		{5EBA8329-AD50-4C91-A045-0E8EF2E0206D}.Release|x86.ActiveCfg = Release|x86
		{5EBA8329-AD50-4C91-A045-0E8EF2E0206D}.Release|x86.Build.0 = Release|x86
		{5EBA8329-AD50-4C91-A045-0E8EF2E0206D}.Release|x86.Deploy.0 = Release|x86
		{B7C19AB6-6D81-4B12-9824-565E60C10BF6}.Debug|ARM64.ActiveCfg = Debug|ARM64
		{B7C19AB6-6D81-4B12-9824-565E60C10BF6}.Debug|ARM64.Build.0 = Debug|ARM64
		{B7C19AB6-6D81-4B12-9824-565E60C10BF6}.Debug|ARM64.Deploy.0 = Debug|ARM64
		{B7C19AB6-6D81-4B12-9824-565E60C10BF6}.Debug|x64.ActiveCfg = Debug|x64
		{B7C19AB6-6D81-4B12-9824-565E60C10BF6}.Debug|x64.Build.0 = Debug|x64
		{B7C19AB6-6D81-4B12-9824-565E60C10BF6}.Debug|x64.Deploy.0 = Debug|x64
		{B7C19AB6-6D81-4B12-9824-565E60C10BF6}.Debug|x86.ActiveCfg = Debug|x86
		{B7C19AB6-6D81-4B12-9824-565E60C10BF6}.Debug|x86.Build.0 = Debug|x86
		{B7C19AB6-6D81-4B12-9824-565E60C10BF6}.Debug|x86.Deploy.0 = Debug|x86
		{B7C19AB6-6D81-4B12-9824-565E60C10BF6}.Release|ARM64.ActiveCfg = Release|ARM64
		{B7C19AB6-6D81-4B12-9824-565E60C10BF6}.Release|ARM64.Build.0 = Release|ARM64
		{B7C19AB6-6D81-4B12-9824-565E60C10BF6}.Release|ARM64.Deploy.0 = Release|ARM64
		{B7C19AB6-6D81-4B12-9824-565E60C10BF6}.Release|x64.ActiveCfg = Release|x64
		{B7C19AB6-6D81-4B12-9824-565E60C10BF6}.Release|x64.Build.0 = Release|x64
		{B7C19AB6-6D81-4B12-9824-565E60C10BF6}.Release|x64.Deploy.0 = Release|x64
		{B7C19AB6-6D81-4B12-9824-565E60C10BF6}.Release|x86.ActiveCfg = Release|x86
		{B7C19AB6-6D81-4B12-9824-565E60C10BF6}.Release|x86.Build.0 = Release|x86
		{B7C19AB6-6D81-4B12-9824-565E60C10BF6}.Release|x86.Deploy.0 = Release|x86
		{EEDB8551-9696-4B74-B339-CFDA63658380}.Debug|ARM64.ActiveCfg = Debug|ARM64
		{EEDB8551-9696-4B74-B339-CFDA63658380}.Debug|ARM64.Build.0 = Debug|ARM64
		{EEDB8551-9696-4B74-B339-CFDA63658380}.Debug|ARM64.Deploy.0 = Debug|ARM64
		{EEDB8551-9696-4B74-B339-CFDA63658380}.Debug|x64.ActiveCfg = Debug|x64
		{EEDB8551-9696-4B74-B339-CFDA63658380}.Debug|x64.Build.0 = Debug|x64
		{EEDB8551-9696-4B74-B339-CFDA63658380}.Debug|x64.Deploy.0 = Debug|x64
		{EEDB8551-9696-4B74-B339-CFDA63658380}.Debug|x86.ActiveCfg = Debug|x86
		{EEDB8551-9696-4B74-B339-CFDA63658380}.Debug|x86.Build.0 = Debug|x86
		{EEDB8551-9696-4B74-B339-CFDA63658380}.Debug|x86.Deploy.0 = Debug|x86
		{EEDB8551-9696-4B74-B339-CFDA63658380}.Release|ARM64.ActiveCfg = Release|ARM64
		{EEDB8551-9696-4B74-B339-CFDA63658380}.Release|ARM64.Build.0 = Release|ARM64
		{EEDB8551-9696-4B74-B339-CFDA63658380}.Release|ARM64.Deploy.0 = Release|ARM64
		{EEDB8551-9696-4B74-B339-CFDA63658380}.Release|x64.ActiveCfg = Release|x64
		{EEDB8551-9696-4B74-B339-CFDA63658380}.Release|x64.Build.0 = Release|x64
		{EEDB8551-9696-4B74-B339-CFDA63658380}.Release|x64.Deploy.0 = Release|x64
		{EEDB8551-9696-4B74-B339-CFDA63658380}.Release|x86.ActiveCfg = Release|x86
		{EEDB8551-9696-4B74-B339-CFDA63658380}.Release|x86.Build.0 = Release|x86
		{EEDB8551-9696-4B74-B339-CFDA63658380}.Release|x86.Deploy.0 = Release|x86
	EndGlobalSection
	GlobalSection(SolutionProperties) = preSolution
		HideSolutionNode = FALSE
	EndGlobalSection
	GlobalSection(ExtensibilityGlobals) = postSolution
		SolutionGuid = {241FCA1A-DCF4-4CEA-B6A4-B40A3C5DF0F0}
	EndGlobalSection
EndGlobal
